
Microsoft Visual Studio Solution File, Format Version 12.00
# Visual Studio Version 17
VisualStudioVersion = 17.1.32328.378
MinimumVisualStudioVersion = 10.0.40219.1
Project("{FAE04EC0-301F-11D3-BF4B-00C04F79EFBC}") = "larionov_lab_5_arrays", "larionov_lab_5_arrays\larionov_lab_5_arrays.csproj", "{EBF85525-33CE-4AB1-8B50-5A310A854CC6}"
EndProject
Global
	GlobalSection(SolutionConfigurationPlatforms) = preSolution
		Debug|Any CPU = Debug|Any CPU
		Release|Any CPU = Release|Any CPU
	EndGlobalSection
	GlobalSection(ProjectConfigurationPlatforms) = postSolution
		{EBF85525-33CE-4AB1-8B50-5A310A854CC6}.Debug|Any CPU.ActiveCfg = Debug|Any CPU
		{EBF85525-33CE-4AB1-8B50-5A310A854CC6}.Debug|Any CPU.Build.0 = Debug|Any CPU
		{EBF85525-33CE-4AB1-8B50-5A310A854CC6}.Release|Any CPU.ActiveCfg = Release|Any CPU
		{EBF85525-33CE-4AB1-8B50-5A310A854CC6}.Release|Any CPU.Build.0 = Release|Any CPU
	EndGlobalSection
	GlobalSection(SolutionProperties) = preSolution
		HideSolutionNode = FALSE
	EndGlobalSection
	GlobalSection(ExtensibilityGlobals) = postSolution
		SolutionGuid = {702A310F-2656-454C-B8EE-1D2D402ACF6B}
	EndGlobalSection
EndGlobal
